
Microsoft Visual Studio Solution File, Format Version 12.00
# Visual Studio 15
VisualStudioVersion = 15.0.28307.645
MinimumVisualStudioVersion = 10.0.40219.1
Project("{FAE04EC0-301F-11D3-BF4B-00C04F79EFBC}") = "PS3 Image Injector", "PS3 Image Injector\PS3 Image Injector.csproj", "{1472C06D-E73F-4F06-BC1E-81F17CBF5393}"
EndProject
Global
	GlobalSection(SolutionConfigurationPlatforms) = preSolution
		Debug|Any CPU = Debug|Any CPU
		Release|Any CPU = Release|Any CPU
	EndGlobalSection
	GlobalSection(ProjectConfigurationPlatforms) = postSolution
		{1472C06D-E73F-4F06-BC1E-81F17CBF5393}.Debug|Any CPU.ActiveCfg = Debug|Any CPU
		{1472C06D-E73F-4F06-BC1E-81F17CBF5393}.Debug|Any CPU.Build.0 = Debug|Any CPU
		{1472C06D-E73F-4F06-BC1E-81F17CBF5393}.Release|Any CPU.ActiveCfg = Release|Any CPU
		{1472C06D-E73F-4F06-BC1E-81F17CBF5393}.Release|Any CPU.Build.0 = Release|Any CPU
	EndGlobalSection
	GlobalSection(SolutionProperties) = preSolution
		HideSolutionNode = FALSE
	EndGlobalSection
	GlobalSection(ExtensibilityGlobals) = postSolution
		SolutionGuid = {F0E7F004-7080-465B-990E-B8605E966F76}
	EndGlobalSection
EndGlobal
